{
  "version": 4,
  "terraform_version": "1.0.10",
  "serial": 160,
  "lineage": "3e0f64d7-c77f-dc47-7697-c4348fe14452",
  "outputs": {
    "api_fqdn": {
      "value": "api.benjol.bike",
      "type": "string"
    },
    "ip_lb": {
      "value": "159.89.208.138",
      "type": "string"
    },
    "ip_s1": {
      "value": "167.99.66.14",
      "type": "string"
    },
    "www_fqdn": {
      "value": "benjol.bike",
      "type": "string"
    }
  },
  "resources": [
    {
      "mode": "managed",
      "type": "digitalocean_domain",
      "name": "default",
      "provider": "provider[\"registry.terraform.io/digitalocean/digitalocean\"]",
      "instances": [
        {
          "schema_version": 0,
          "attributes": {
            "id": "benjol.bike",
            "ip_address": null,
            "name": "benjol.bike",
            "ttl": 1800,
            "urn": "do:domain:benjol.bike"
          },
          "sensitive_attributes": [],
          "private": "bnVsbA=="
        }
      ]
    },
    {
      "mode": "managed",
      "type": "digitalocean_droplet",
      "name": "benjol-s1",
      "provider": "provider[\"registry.terraform.io/digitalocean/digitalocean\"]",
      "instances": [
        {
          "schema_version": 1,
          "attributes": {
            "backups": false,
            "created_at": "2021-11-12T15:44:00Z",
            "disk": 80,
            "droplet_agent": null,
            "graceful_shutdown": false,
            "id": "273395364",
            "image": "ubuntu-20-04-x64",
            "ipv4_address": "167.99.66.14",
            "ipv4_address_private": "10.104.0.2",
            "ipv6": false,
            "ipv6_address": "",
            "locked": false,
            "memory": 4096,
            "monitoring": false,
            "name": "benjol-s1",
            "price_hourly": 0.02976,
            "price_monthly": 20,
            "private_networking": true,
            "region": "sgp1",
            "resize_disk": true,
            "size": "s-2vcpu-4gb",
            "ssh_keys": [
              "b4:e0:af:3b:4f:e3:cd:3e:93:05:bf:6c:77:3b:0c:df"
            ],
            "status": "active",
            "tags": [],
            "urn": "do:droplet:273395364",
            "user_data": null,
            "vcpus": 2,
            "volume_ids": [],
            "vpc_uuid": "f6ee2fd7-b1e9-4486-ba1e-fcbdf1dee030"
          },
          "sensitive_attributes": [],
          "private": "eyJzY2hlbWFfdmVyc2lvbiI6IjEifQ=="
        }
      ]
    },
    {
      "mode": "managed",
      "type": "digitalocean_firewall",
      "name": "benjol-firewall",
      "provider": "provider[\"registry.terraform.io/digitalocean/digitalocean\"]",
      "instances": [
        {
          "schema_version": 0,
          "attributes": {
            "created_at": "2021-11-12T15:51:23Z",
            "droplet_ids": [
              273395364
            ],
            "id": "fa083565-06da-4d5e-b7fc-2eb05c1235bd",
            "inbound_rule": [
              {
                "port_range": "22",
                "protocol": "tcp",
                "source_addresses": [
                  "0.0.0.0/0"
                ],
                "source_droplet_ids": [],
                "source_load_balancer_uids": [],
                "source_tags": []
              },
              {
                "port_range": "80",
                "protocol": "tcp",
                "source_addresses": [],
                "source_droplet_ids": [],
                "source_load_balancer_uids": [
                  "06a1b3fa-2781-4fc8-a7ca-f42bcda5674f"
                ],
                "source_tags": []
              }
            ],
            "name": "benjol-firewall",
            "outbound_rule": [
              {
                "destination_addresses": [
                  "0.0.0.0/0"
                ],
                "destination_droplet_ids": [],
                "destination_load_balancer_uids": [],
                "destination_tags": [],
                "port_range": "all",
                "protocol": "tcp"
              },
              {
                "destination_addresses": [
                  "0.0.0.0/0"
                ],
                "destination_droplet_ids": [],
                "destination_load_balancer_uids": [],
                "destination_tags": [],
                "port_range": "all",
                "protocol": "udp"
              }
            ],
            "pending_changes": [],
            "status": "succeeded",
            "tags": []
          },
          "sensitive_attributes": [],
          "private": "bnVsbA==",
          "dependencies": [
            "digitalocean_droplet.benjol-s1",
            "digitalocean_loadbalancer.benjol-lb"
          ]
        }
      ]
    },
    {
      "mode": "managed",
      "type": "digitalocean_loadbalancer",
      "name": "benjol-lb",
      "provider": "provider[\"registry.terraform.io/digitalocean/digitalocean\"]",
      "instances": [
        {
          "schema_version": 1,
          "attributes": {
            "algorithm": "round_robin",
            "disable_lets_encrypt_dns_records": false,
            "droplet_ids": [
              273395364
            ],
            "droplet_tag": "",
            "enable_backend_keepalive": false,
            "enable_proxy_protocol": false,
            "forwarding_rule": [
              {
                "certificate_id": "",
                "certificate_name": "",
                "entry_port": 80,
                "entry_protocol": "http",
                "target_port": 80,
                "target_protocol": "http",
                "tls_passthrough": false
              }
            ],
            "healthcheck": [
              {
                "check_interval_seconds": 10,
                "healthy_threshold": 5,
                "path": "/",
                "port": 80,
                "protocol": "http",
                "response_timeout_seconds": 5,
                "unhealthy_threshold": 3
              }
            ],
            "id": "06a1b3fa-2781-4fc8-a7ca-f42bcda5674f",
            "ip": "159.89.208.138",
            "name": "benjol-lb",
            "redirect_http_to_https": false,
            "region": "sgp1",
            "size": "lb-small",
            "status": "active",
            "sticky_sessions": [
              {
                "cookie_name": "",
                "cookie_ttl_seconds": 0,
                "type": "none"
              }
            ],
            "urn": "do:loadbalancer:06a1b3fa-2781-4fc8-a7ca-f42bcda5674f",
            "vpc_uuid": "f6ee2fd7-b1e9-4486-ba1e-fcbdf1dee030"
          },
          "sensitive_attributes": [],
          "private": "eyJzY2hlbWFfdmVyc2lvbiI6IjEifQ==",
          "dependencies": [
            "digitalocean_droplet.benjol-s1"
          ]
        }
      ]
    },
    {
      "mode": "managed",
      "type": "digitalocean_record",
      "name": "api",
      "provider": "provider[\"registry.terraform.io/digitalocean/digitalocean\"]",
      "instances": [
        {
          "schema_version": 0,
          "attributes": {
            "domain": "benjol.bike",
            "flags": 0,
            "fqdn": "api.benjol.bike",
            "id": "276757380",
            "name": "api",
            "port": 0,
            "priority": 0,
            "tag": "",
            "ttl": 1800,
            "type": "A",
            "value": "167.99.66.14",
            "weight": 0
          },
          "sensitive_attributes": [],
          "private": "bnVsbA==",
          "dependencies": [
            "digitalocean_domain.default",
            "digitalocean_droplet.benjol-s1"
          ]
        }
      ]
    },
    {
      "mode": "managed",
      "type": "digitalocean_record",
      "name": "www",
      "provider": "provider[\"registry.terraform.io/digitalocean/digitalocean\"]",
      "instances": [
        {
          "schema_version": 0,
          "attributes": {
            "domain": "benjol.bike",
            "flags": 0,
            "fqdn": "benjol.bike",
            "id": "276757381",
            "name": "@",
            "port": 0,
            "priority": 0,
            "tag": "",
            "ttl": 1800,
            "type": "A",
            "value": "167.99.66.14",
            "weight": 0
          },
          "sensitive_attributes": [],
          "private": "bnVsbA==",
          "dependencies": [
            "digitalocean_domain.default",
            "digitalocean_droplet.benjol-s1"
          ]
        }
      ]
    },
    {
      "mode": "managed",
      "type": "null_resource",
      "name": "ansible-provision",
      "provider": "provider[\"registry.terraform.io/hashicorp/null\"]",
      "instances": [
        {
          "schema_version": 0,
          "attributes": {
            "id": "4430904480942846910",
            "triggers": null
          },
          "sensitive_attributes": [],
          "private": "bnVsbA==",
          "dependencies": [
            "digitalocean_droplet.benjol-s1"
          ]
        }
      ]
    }
  ]
}
